
Microsoft Visual Studio Solution File, Format Version 12.00
# Visual Studio 15
VisualStudioVersion = 15.0.26730.16
MinimumVisualStudioVersion = 10.0.40219.1
Project("{FAE04EC0-301F-11D3-BF4B-00C04F79EFBC}") = "TRM", "TRM\TRM.csproj", "{F6E304A7-DDDA-49CE-907A-949F7D78DC7B}"
EndProject
Global
	GlobalSection(SolutionConfigurationPlatforms) = preSolution
		Debug|Any CPU = Debug|Any CPU
		Release|Any CPU = Release|Any CPU
	EndGlobalSection
	GlobalSection(ProjectConfigurationPlatforms) = postSolution
		{F6E304A7-DDDA-49CE-907A-949F7D78DC7B}.Debug|Any CPU.ActiveCfg = Debug|Any CPU
		{F6E304A7-DDDA-49CE-907A-949F7D78DC7B}.Debug|Any CPU.Build.0 = Debug|Any CPU
		{F6E304A7-DDDA-49CE-907A-949F7D78DC7B}.Release|Any CPU.ActiveCfg = Release|Any CPU
		{F6E304A7-DDDA-49CE-907A-949F7D78DC7B}.Release|Any CPU.Build.0 = Release|Any CPU
	EndGlobalSection
	GlobalSection(SolutionProperties) = preSolution
		HideSolutionNode = FALSE
	EndGlobalSection
	GlobalSection(ExtensibilityGlobals) = postSolution
		SolutionGuid = {C8AE190B-98DF-4CAF-8616-0BC2069FAFB4}
	EndGlobalSection
EndGlobal
